
Microsoft Visual Studio Solution File, Format Version 12.00
# Visual Studio Version 16
VisualStudioVersion = 25.0.1705.2
MinimumVisualStudioVersion = 10.0.40219.1
Project("{FAE04EC0-301F-11D3-BF4B-00C04F79EFBC}") = "DataLayer", "DataLayer\DataLayer.csproj", "{48B7CA31-0748-4121-A936-C2BD248970B5}"
EndProject
Project("{FAE04EC0-301F-11D3-BF4B-00C04F79EFBC}") = "Runner", "Runner\Runner.csproj", "{BC3B9FE4-E99C-44A6-908D-B1D1E798DD5E}"
EndProject
Project("{2150E333-8FDC-42A3-9474-1A3956D46DE8}") = "Solution Items", "Solution Items", "{016668D2-FF9C-4165-8823-B1678D91F284}"
	ProjectSection(SolutionItems) = preProject
		readme.md = readme.md
	EndProjectSection
EndProject
Global
	GlobalSection(SolutionConfigurationPlatforms) = preSolution
		Debug|Any CPU = Debug|Any CPU
		Release|Any CPU = Release|Any CPU
	EndGlobalSection
	GlobalSection(ProjectConfigurationPlatforms) = postSolution
		{48B7CA31-0748-4121-A936-C2BD248970B5}.Debug|Any CPU.ActiveCfg = Debug|Any CPU
		{48B7CA31-0748-4121-A936-C2BD248970B5}.Debug|Any CPU.Build.0 = Debug|Any CPU
		{48B7CA31-0748-4121-A936-C2BD248970B5}.Release|Any CPU.ActiveCfg = Release|Any CPU
		{48B7CA31-0748-4121-A936-C2BD248970B5}.Release|Any CPU.Build.0 = Release|Any CPU
		{BC3B9FE4-E99C-44A6-908D-B1D1E798DD5E}.Debug|Any CPU.ActiveCfg = Debug|Any CPU
		{BC3B9FE4-E99C-44A6-908D-B1D1E798DD5E}.Debug|Any CPU.Build.0 = Debug|Any CPU
		{BC3B9FE4-E99C-44A6-908D-B1D1E798DD5E}.Release|Any CPU.ActiveCfg = Release|Any CPU
		{BC3B9FE4-E99C-44A6-908D-B1D1E798DD5E}.Release|Any CPU.Build.0 = Release|Any CPU
	EndGlobalSection
	GlobalSection(SolutionProperties) = preSolution
		HideSolutionNode = FALSE
	EndGlobalSection
	GlobalSection(ExtensibilityGlobals) = postSolution
		SolutionGuid = {2D615E00-6D3E-482A-AF28-C8B6056AC6F0}
	EndGlobalSection
EndGlobal
